
Microsoft Visual Studio Solution File, Format Version 12.00
# Visual Studio 15
VisualStudioVersion = 15.0.28307.329
MinimumVisualStudioVersion = 10.0.40219.1
Project("{FAE04EC0-301F-11D3-BF4B-00C04F79EFBC}") = "Lab24_2", "Lab24_2\Lab24_2.csproj", "{E24A22F1-CC90-40B9-86BF-432475ABA50C}"
EndProject
Global
	GlobalSection(SolutionConfigurationPlatforms) = preSolution
		Debug|Any CPU = Debug|Any CPU
		Release|Any CPU = Release|Any CPU
	EndGlobalSection
	GlobalSection(ProjectConfigurationPlatforms) = postSolution
		{E24A22F1-CC90-40B9-86BF-432475ABA50C}.Debug|Any CPU.ActiveCfg = Debug|Any CPU
		{E24A22F1-CC90-40B9-86BF-432475ABA50C}.Debug|Any CPU.Build.0 = Debug|Any CPU
		{E24A22F1-CC90-40B9-86BF-432475ABA50C}.Release|Any CPU.ActiveCfg = Release|Any CPU
		{E24A22F1-CC90-40B9-86BF-432475ABA50C}.Release|Any CPU.Build.0 = Release|Any CPU
	EndGlobalSection
	GlobalSection(SolutionProperties) = preSolution
		HideSolutionNode = FALSE
	EndGlobalSection
	GlobalSection(ExtensibilityGlobals) = postSolution
		SolutionGuid = {5C8E7922-811E-44DA-93CD-771344045B93}
	EndGlobalSection
EndGlobal
